
Microsoft Visual Studio Solution File, Format Version 12.00
# Visual Studio Version 16
VisualStudioVersion = 16.0.31313.79
MinimumVisualStudioVersion = 10.0.40219.1
Project("{9A19103F-16F7-4668-BE54-9A1E7A4F7556}") = "Domain", "Domain\Domain.csproj", "{4BB2BD98-4A58-4AA3-8426-97D7AF61A0CB}"
EndProject
Project("{9A19103F-16F7-4668-BE54-9A1E7A4F7556}") = "Repos", "Repos\Repos.csproj", "{76652202-A00E-49B8-8FEF-836CC1A7FABD}"
EndProject
Project("{9A19103F-16F7-4668-BE54-9A1E7A4F7556}") = "AhmedMahmoudCompany", "AhmedMahmoudCompany\AhmedMahmoudCompany.csproj", "{B4AB374B-CD39-433E-ADA1-12A93DC57323}"
EndProject
Global
	GlobalSection(SolutionConfigurationPlatforms) = preSolution
		Debug|Any CPU = Debug|Any CPU
		Release|Any CPU = Release|Any CPU
	EndGlobalSection
	GlobalSection(ProjectConfigurationPlatforms) = postSolution
		{4BB2BD98-4A58-4AA3-8426-97D7AF61A0CB}.Debug|Any CPU.ActiveCfg = Debug|Any CPU
		{4BB2BD98-4A58-4AA3-8426-97D7AF61A0CB}.Debug|Any CPU.Build.0 = Debug|Any CPU
		{4BB2BD98-4A58-4AA3-8426-97D7AF61A0CB}.Release|Any CPU.ActiveCfg = Release|Any CPU
		{4BB2BD98-4A58-4AA3-8426-97D7AF61A0CB}.Release|Any CPU.Build.0 = Release|Any CPU
		{76652202-A00E-49B8-8FEF-836CC1A7FABD}.Debug|Any CPU.ActiveCfg = Debug|Any CPU
		{76652202-A00E-49B8-8FEF-836CC1A7FABD}.Debug|Any CPU.Build.0 = Debug|Any CPU
		{76652202-A00E-49B8-8FEF-836CC1A7FABD}.Release|Any CPU.ActiveCfg = Release|Any CPU
		{76652202-A00E-49B8-8FEF-836CC1A7FABD}.Release|Any CPU.Build.0 = Release|Any CPU
		{B4AB374B-CD39-433E-ADA1-12A93DC57323}.Debug|Any CPU.ActiveCfg = Debug|Any CPU
		{B4AB374B-CD39-433E-ADA1-12A93DC57323}.Debug|Any CPU.Build.0 = Debug|Any CPU
		{B4AB374B-CD39-433E-ADA1-12A93DC57323}.Release|Any CPU.ActiveCfg = Release|Any CPU
		{B4AB374B-CD39-433E-ADA1-12A93DC57323}.Release|Any CPU.Build.0 = Release|Any CPU
	EndGlobalSection
	GlobalSection(SolutionProperties) = preSolution
		HideSolutionNode = FALSE
	EndGlobalSection
	GlobalSection(ExtensibilityGlobals) = postSolution
		SolutionGuid = {C5B3DBEB-8E59-4199-8700-CDC1E02D8070}
	EndGlobalSection
EndGlobal
